
Microsoft Visual Studio Solution File, Format Version 12.00
# Visual Studio Version 17
VisualStudioVersion = 17.5.33516.290
MinimumVisualStudioVersion = 10.0.40219.1
Project("{F2A71F9B-5D33-465A-A702-920D77279786}") = "SimulatedAnnealingGeneticAlgorithm", "SimulatedAnnealingGeneticAlgorithm\SimulatedAnnealingGeneticAlgorithm.fsproj", "{756E03F0-5F22-4DFE-B409-D261E4A76934}"
EndProject
Global
	GlobalSection(SolutionConfigurationPlatforms) = preSolution
		Debug|Any CPU = Debug|Any CPU
		Release|Any CPU = Release|Any CPU
	EndGlobalSection
	GlobalSection(ProjectConfigurationPlatforms) = postSolution
		{756E03F0-5F22-4DFE-B409-D261E4A76934}.Debug|Any CPU.ActiveCfg = Debug|Any CPU
		{756E03F0-5F22-4DFE-B409-D261E4A76934}.Debug|Any CPU.Build.0 = Debug|Any CPU
		{756E03F0-5F22-4DFE-B409-D261E4A76934}.Release|Any CPU.ActiveCfg = Release|Any CPU
		{756E03F0-5F22-4DFE-B409-D261E4A76934}.Release|Any CPU.Build.0 = Release|Any CPU
	EndGlobalSection
	GlobalSection(SolutionProperties) = preSolution
		HideSolutionNode = FALSE
	EndGlobalSection
	GlobalSection(ExtensibilityGlobals) = postSolution
		SolutionGuid = {D0E55F86-B670-4E42-81FD-AD73E67944CF}
	EndGlobalSection
EndGlobal
